
Microsoft Visual Studio Solution File, Format Version 12.00
# Visual Studio Version 16
VisualStudioVersion = 16.0.29025.244
MinimumVisualStudioVersion = 10.0.40219.1
Project("{FAE04EC0-301F-11D3-BF4B-00C04F79EFBC}") = "LiteLang", "LiteLang\LiteLang.csproj", "{3399A371-BE1A-43E2-9DFE-7D4460436009}"
EndProject
Global
	GlobalSection(SolutionConfigurationPlatforms) = preSolution
		Debug|Any CPU = Debug|Any CPU
		Release|Any CPU = Release|Any CPU
	EndGlobalSection
	GlobalSection(ProjectConfigurationPlatforms) = postSolution
		{3399A371-BE1A-43E2-9DFE-7D4460436009}.Debug|Any CPU.ActiveCfg = Debug|Any CPU
		{3399A371-BE1A-43E2-9DFE-7D4460436009}.Debug|Any CPU.Build.0 = Debug|Any CPU
		{3399A371-BE1A-43E2-9DFE-7D4460436009}.Release|Any CPU.ActiveCfg = Release|Any CPU
		{3399A371-BE1A-43E2-9DFE-7D4460436009}.Release|Any CPU.Build.0 = Release|Any CPU
	EndGlobalSection
	GlobalSection(SolutionProperties) = preSolution
		HideSolutionNode = FALSE
	EndGlobalSection
	GlobalSection(ExtensibilityGlobals) = postSolution
		SolutionGuid = {CDD356A6-EC1E-4119-9DF1-78404B0DAC35}
	EndGlobalSection
EndGlobal
